
Microsoft Visual Studio Solution File, Format Version 12.00
# Visual Studio 15
VisualStudioVersion = 15.0.28307.136
MinimumVisualStudioVersion = 10.0.40219.1
Project("{9A19103F-16F7-4668-BE54-9A1E7A4F7556}") = "Tests", "Tests\Tests.csproj", "{3573A321-4527-4606-9625-D38010D89631}"
EndProject
Project("{FAE04EC0-301F-11D3-BF4B-00C04F79EFBC}") = "SoftwareCraft.Result", "SoftwareCraft.Result\SoftwareCraft.Result.csproj", "{03ECC7C3-A8B1-4724-8A4E-475752D99828}"
EndProject
Global
	GlobalSection(SolutionConfigurationPlatforms) = preSolution
		Debug|Any CPU = Debug|Any CPU
		Release|Any CPU = Release|Any CPU
	EndGlobalSection
	GlobalSection(ProjectConfigurationPlatforms) = postSolution
		{3573A321-4527-4606-9625-D38010D89631}.Debug|Any CPU.ActiveCfg = Debug|Any CPU
		{3573A321-4527-4606-9625-D38010D89631}.Debug|Any CPU.Build.0 = Debug|Any CPU
		{3573A321-4527-4606-9625-D38010D89631}.Release|Any CPU.ActiveCfg = Release|Any CPU
		{3573A321-4527-4606-9625-D38010D89631}.Release|Any CPU.Build.0 = Release|Any CPU
		{03ECC7C3-A8B1-4724-8A4E-475752D99828}.Debug|Any CPU.ActiveCfg = Debug|Any CPU
		{03ECC7C3-A8B1-4724-8A4E-475752D99828}.Debug|Any CPU.Build.0 = Debug|Any CPU
		{03ECC7C3-A8B1-4724-8A4E-475752D99828}.Release|Any CPU.ActiveCfg = Release|Any CPU
		{03ECC7C3-A8B1-4724-8A4E-475752D99828}.Release|Any CPU.Build.0 = Release|Any CPU
	EndGlobalSection
	GlobalSection(SolutionProperties) = preSolution
		HideSolutionNode = FALSE
	EndGlobalSection
	GlobalSection(ExtensibilityGlobals) = postSolution
		SolutionGuid = {C11587E8-C907-44D8-A1A8-FE22931EC424}
	EndGlobalSection
EndGlobal
